
Microsoft Visual Studio Solution File, Format Version 12.00
# Visual Studio Version 16
VisualStudioVersion = 16.0.31129.286
MinimumVisualStudioVersion = 10.0.40219.1
Project("{FAE04EC0-301F-11D3-BF4B-00C04F79EFBC}") = "Week6Capstone", "Week6Capstone\Week6Capstone.csproj", "{568649AC-59CE-4717-BD22-72D0FBD6FBB9}"
EndProject
Global
	GlobalSection(SolutionConfigurationPlatforms) = preSolution
		Debug|Any CPU = Debug|Any CPU
		Release|Any CPU = Release|Any CPU
	EndGlobalSection
	GlobalSection(ProjectConfigurationPlatforms) = postSolution
		{568649AC-59CE-4717-BD22-72D0FBD6FBB9}.Debug|Any CPU.ActiveCfg = Debug|Any CPU
		{568649AC-59CE-4717-BD22-72D0FBD6FBB9}.Debug|Any CPU.Build.0 = Debug|Any CPU
		{568649AC-59CE-4717-BD22-72D0FBD6FBB9}.Release|Any CPU.ActiveCfg = Release|Any CPU
		{568649AC-59CE-4717-BD22-72D0FBD6FBB9}.Release|Any CPU.Build.0 = Release|Any CPU
	EndGlobalSection
	GlobalSection(SolutionProperties) = preSolution
		HideSolutionNode = FALSE
	EndGlobalSection
	GlobalSection(ExtensibilityGlobals) = postSolution
		SolutionGuid = {1286D4E4-5445-412C-AC9D-2940DECC9A9B}
	EndGlobalSection
EndGlobal
